
Microsoft Visual Studio Solution File, Format Version 12.00
# Visual Studio Version 17
VisualStudioVersion = 17.14.36915.13 d17.14
MinimumVisualStudioVersion = 10.0.40219.1
Project("{FAE04EC0-301F-11D3-BF4B-00C04F79EFBC}") = "SmartInventorySystem", "SmartInventorySystem.csproj", "{35D3AC98-629C-469B-95A5-C78D177B20A8}"
EndProject
Global
	GlobalSection(SolutionConfigurationPlatforms) = preSolution
		Debug|Any CPU = Debug|Any CPU
		Release|Any CPU = Release|Any CPU
	EndGlobalSection
	GlobalSection(ProjectConfigurationPlatforms) = postSolution
		{35D3AC98-629C-469B-95A5-C78D177B20A8}.Debug|Any CPU.ActiveCfg = Debug|Any CPU
		{35D3AC98-629C-469B-95A5-C78D177B20A8}.Debug|Any CPU.Build.0 = Debug|Any CPU
		{35D3AC98-629C-469B-95A5-C78D177B20A8}.Release|Any CPU.ActiveCfg = Release|Any CPU
		{35D3AC98-629C-469B-95A5-C78D177B20A8}.Release|Any CPU.Build.0 = Release|Any CPU
	EndGlobalSection
	GlobalSection(SolutionProperties) = preSolution
		HideSolutionNode = FALSE
	EndGlobalSection
	GlobalSection(ExtensibilityGlobals) = postSolution
		SolutionGuid = {8E2B6DE3-320A-405B-B65C-7C0C1EEBEB8E}
	EndGlobalSection
EndGlobal
